Microsoft Visual Studio Solution File, Format Version 12.00
# Visual Studio 15
VisualStudioVersion = 15.0.27130.2027
MinimumVisualStudioVersion = 15.0.26124.0
Project("{9A19103F-16F7-4668-BE54-9A1E7A4F7556}") = "Morabaraba9001", "Morabaraba9001\Morabaraba9001.csproj", "{A2BB97AA-8AD8-4011-8A89-26B5EC4AC01A}"
EndProject
Project("{9A19103F-16F7-4668-BE54-9A1E7A4F7556}") = "Morabaraba9001.Test", "Morabaraba9001.Test\Morabaraba9001.Test.csproj", "{FD17E87C-32C7-4E8E-8941-D5DDEFAD9EE0}"
EndProject
Global
	GlobalSection(SolutionConfigurationPlatforms) = preSolution
		Debug|Any CPU = Debug|Any CPU
		Debug|x64 = Debug|x64
		Debug|x86 = Debug|x86
		Release|Any CPU = Release|Any CPU
		Release|x64 = Release|x64
		Release|x86 = Release|x86
	EndGlobalSection
	GlobalSection(ProjectConfigurationPlatforms) = postSolution
		{A2BB97AA-8AD8-4011-8A89-26B5EC4AC01A}.Debug|Any CPU.ActiveCfg = Debug|Any CPU
		{A2BB97AA-8AD8-4011-8A89-26B5EC4AC01A}.Debug|Any CPU.Build.0 = Debug|Any CPU
		{A2BB97AA-8AD8-4011-8A89-26B5EC4AC01A}.Debug|x64.ActiveCfg = Debug|Any CPU
		{A2BB97AA-8AD8-4011-8A89-26B5EC4AC01A}.Debug|x64.Build.0 = Debug|Any CPU
		{A2BB97AA-8AD8-4011-8A89-26B5EC4AC01A}.Debug|x86.ActiveCfg = Debug|Any CPU
		{A2BB97AA-8AD8-4011-8A89-26B5EC4AC01A}.Debug|x86.Build.0 = Debug|Any CPU
		{A2BB97AA-8AD8-4011-8A89-26B5EC4AC01A}.Release|Any CPU.ActiveCfg = Release|Any CPU
		{A2BB97AA-8AD8-4011-8A89-26B5EC4AC01A}.Release|Any CPU.Build.0 = Release|Any CPU
		{A2BB97AA-8AD8-4011-8A89-26B5EC4AC01A}.Release|x64.ActiveCfg = Release|Any CPU
		{A2BB97AA-8AD8-4011-8A89-26B5EC4AC01A}.Release|x64.Build.0 = Release|Any CPU
		{A2BB97AA-8AD8-4011-8A89-26B5EC4AC01A}.Release|x86.ActiveCfg = Release|Any CPU
		{A2BB97AA-8AD8-4011-8A89-26B5EC4AC01A}.Release|x86.Build.0 = Release|Any CPU
		{FD17E87C-32C7-4E8E-8941-D5DDEFAD9EE0}.Debug|Any CPU.ActiveCfg = Debug|Any CPU
		{FD17E87C-32C7-4E8E-8941-D5DDEFAD9EE0}.Debug|Any CPU.Build.0 = Debug|Any CPU
		{FD17E87C-32C7-4E8E-8941-D5DDEFAD9EE0}.Debug|x64.ActiveCfg = Debug|Any CPU
		{FD17E87C-32C7-4E8E-8941-D5DDEFAD9EE0}.Debug|x64.Build.0 = Debug|Any CPU
		{FD17E87C-32C7-4E8E-8941-D5DDEFAD9EE0}.Debug|x86.ActiveCfg = Debug|Any CPU
		{FD17E87C-32C7-4E8E-8941-D5DDEFAD9EE0}.Debug|x86.Build.0 = Debug|Any CPU
		{FD17E87C-32C7-4E8E-8941-D5DDEFAD9EE0}.Release|Any CPU.ActiveCfg = Release|Any CPU
		{FD17E87C-32C7-4E8E-8941-D5DDEFAD9EE0}.Release|Any CPU.Build.0 = Release|Any CPU
		{FD17E87C-32C7-4E8E-8941-D5DDEFAD9EE0}.Release|x64.ActiveCfg = Release|Any CPU
		{FD17E87C-32C7-4E8E-8941-D5DDEFAD9EE0}.Release|x64.Build.0 = Release|Any CPU
		{FD17E87C-32C7-4E8E-8941-D5DDEFAD9EE0}.Release|x86.ActiveCfg = Release|Any CPU
		{FD17E87C-32C7-4E8E-8941-D5DDEFAD9EE0}.Release|x86.Build.0 = Release|Any CPU
	EndGlobalSection
	GlobalSection(SolutionProperties) = preSolution
		HideSolutionNode = FALSE
	EndGlobalSection
	GlobalSection(ExtensibilityGlobals) = postSolution
		SolutionGuid = {893C8D8C-5A5D-4C3D-BE7B-9783C53654A9}
	EndGlobalSection
EndGlobal
